
Microsoft Visual Studio Solution File, Format Version 12.00
# Visual Studio Version 17
VisualStudioVersion = 17.12.35527.113
MinimumVisualStudioVersion = 10.0.40219.1
Project("{FAE04EC0-301F-11D3-BF4B-00C04F79EFBC}") = "ProductManage", "ProductManage\ProductManage.csproj", "{3D7AB613-2C77-492D-B82F-77E671D1BDF1}"
	ProjectSection(ProjectDependencies) = postProject
		{CE66623C-7859-4B56-8857-B326B4ABBE9B} = {CE66623C-7859-4B56-8857-B326B4ABBE9B}
		{F2CBBF23-CDCC-422F-B96A-F4BE734F5999} = {F2CBBF23-CDCC-422F-B96A-F4BE734F5999}
	EndProjectSection
EndProject
Project("{FAE04EC0-301F-11D3-BF4B-00C04F79EFBC}") = "BLL", "BLL\BLL.csproj", "{CE66623C-7859-4B56-8857-B326B4ABBE9B}"
EndProject
Project("{FAE04EC0-301F-11D3-BF4B-00C04F79EFBC}") = "DAL", "DAL\DAL.csproj", "{F2CBBF23-CDCC-422F-B96A-F4BE734F5999}"
EndProject
Global
	GlobalSection(SolutionConfigurationPlatforms) = preSolution
		Debug|Any CPU = Debug|Any CPU
		Release|Any CPU = Release|Any CPU
	EndGlobalSection
	GlobalSection(ProjectConfigurationPlatforms) = postSolution
		{3D7AB613-2C77-492D-B82F-77E671D1BDF1}.Debug|Any CPU.ActiveCfg = Debug|Any CPU
		{3D7AB613-2C77-492D-B82F-77E671D1BDF1}.Debug|Any CPU.Build.0 = Debug|Any CPU
		{3D7AB613-2C77-492D-B82F-77E671D1BDF1}.Release|Any CPU.ActiveCfg = Release|Any CPU
		{3D7AB613-2C77-492D-B82F-77E671D1BDF1}.Release|Any CPU.Build.0 = Release|Any CPU
		{CE66623C-7859-4B56-8857-B326B4ABBE9B}.Debug|Any CPU.ActiveCfg = Debug|Any CPU
		{CE66623C-7859-4B56-8857-B326B4ABBE9B}.Debug|Any CPU.Build.0 = Debug|Any CPU
		{CE66623C-7859-4B56-8857-B326B4ABBE9B}.Release|Any CPU.ActiveCfg = Release|Any CPU
		{CE66623C-7859-4B56-8857-B326B4ABBE9B}.Release|Any CPU.Build.0 = Release|Any CPU
		{F2CBBF23-CDCC-422F-B96A-F4BE734F5999}.Debug|Any CPU.ActiveCfg = Debug|Any CPU
		{F2CBBF23-CDCC-422F-B96A-F4BE734F5999}.Debug|Any CPU.Build.0 = Debug|Any CPU
		{F2CBBF23-CDCC-422F-B96A-F4BE734F5999}.Release|Any CPU.ActiveCfg = Release|Any CPU
		{F2CBBF23-CDCC-422F-B96A-F4BE734F5999}.Release|Any CPU.Build.0 = Release|Any CPU
	EndGlobalSection
	GlobalSection(SolutionProperties) = preSolution
		HideSolutionNode = FALSE
	EndGlobalSection
EndGlobal
